
Microsoft Visual Studio Solution File, Format Version 12.00
# Visual Studio 15
VisualStudioVersion = 15.0.27703.2000
MinimumVisualStudioVersion = 10.0.40219.1
Project("{9A19103F-16F7-4668-BE54-9A1E7A4F7556}") = "Netstat", "Netstat\Netstat.csproj", "{B235D363-1FC7-49FB-8488-90BC4ADE057F}"
EndProject
Global
	GlobalSection(SolutionConfigurationPlatforms) = preSolution
		Debug|Any CPU = Debug|Any CPU
		Release|Any CPU = Release|Any CPU
	EndGlobalSection
	GlobalSection(ProjectConfigurationPlatforms) = postSolution
		{B235D363-1FC7-49FB-8488-90BC4ADE057F}.Debug|Any CPU.ActiveCfg = Debug|Any CPU
		{B235D363-1FC7-49FB-8488-90BC4ADE057F}.Debug|Any CPU.Build.0 = Debug|Any CPU
		{B235D363-1FC7-49FB-8488-90BC4ADE057F}.Release|Any CPU.ActiveCfg = Release|Any CPU
		{B235D363-1FC7-49FB-8488-90BC4ADE057F}.Release|Any CPU.Build.0 = Release|Any CPU
	EndGlobalSection
	GlobalSection(SolutionProperties) = preSolution
		HideSolutionNode = FALSE
	EndGlobalSection
	GlobalSection(ExtensibilityGlobals) = postSolution
		SolutionGuid = {54971515-6D7D-4C7C-B403-A1E6487623E5}
	EndGlobalSection
EndGlobal
